
Microsoft Visual Studio Solution File, Format Version 12.00
# Visual Studio 15
VisualStudioVersion = 15.0.27130.2020
MinimumVisualStudioVersion = 10.0.40219.1
Project("{FAE04EC0-301F-11D3-BF4B-00C04F79EFBC}") = "DocumentConvert.Img2PDF", "DocumentConvert.Img2PDF\DocumentConvert.Img2PDF.csproj", "{38AB6FE1-693A-41C0-B904-520145168BE5}"
EndProject
Project("{FAE04EC0-301F-11D3-BF4B-00C04F79EFBC}") = "DocumentConvert.PDF2Img", "DocumentConvert.PDF2Img\DocumentConvert.PDF2Img.csproj", "{A1CF921D-C2BA-417B-BB3A-CC30343BA462}"
EndProject
Global
	GlobalSection(SolutionConfigurationPlatforms) = preSolution
		Debug|Any CPU = Debug|Any CPU
		Release|Any CPU = Release|Any CPU
	EndGlobalSection
	GlobalSection(ProjectConfigurationPlatforms) = postSolution
		{38AB6FE1-693A-41C0-B904-520145168BE5}.Debug|Any CPU.ActiveCfg = Debug|Any CPU
		{38AB6FE1-693A-41C0-B904-520145168BE5}.Debug|Any CPU.Build.0 = Debug|Any CPU
		{38AB6FE1-693A-41C0-B904-520145168BE5}.Release|Any CPU.ActiveCfg = Release|Any CPU
		{38AB6FE1-693A-41C0-B904-520145168BE5}.Release|Any CPU.Build.0 = Release|Any CPU
		{A1CF921D-C2BA-417B-BB3A-CC30343BA462}.Debug|Any CPU.ActiveCfg = Debug|Any CPU
		{A1CF921D-C2BA-417B-BB3A-CC30343BA462}.Debug|Any CPU.Build.0 = Debug|Any CPU
		{A1CF921D-C2BA-417B-BB3A-CC30343BA462}.Release|Any CPU.ActiveCfg = Release|Any CPU
		{A1CF921D-C2BA-417B-BB3A-CC30343BA462}.Release|Any CPU.Build.0 = Release|Any CPU
	EndGlobalSection
	GlobalSection(SolutionProperties) = preSolution
		HideSolutionNode = FALSE
	EndGlobalSection
	GlobalSection(ExtensibilityGlobals) = postSolution
		SolutionGuid = {09F1364E-11E1-47BB-924E-EF6F820CFF94}
	EndGlobalSection
EndGlobal
